
Microsoft Visual Studio Solution File, Format Version 12.00
# Visual Studio Version 16
VisualStudioVersion = 16.0.31829.152
MinimumVisualStudioVersion = 10.0.40219.1
Project("{9A19103F-16F7-4668-BE54-9A1E7A4F7556}") = "VirtualizingStaggeredPanel", "VirtualizingStaggeredPanel\VirtualizingStaggeredPanel.csproj", "{18CA8962-8223-4C43-A6BE-0851C7E257AA}"
EndProject
Project("{9A19103F-16F7-4668-BE54-9A1E7A4F7556}") = "VirtualizingStaggeredPanel.WPFTest", "VirtualizingStaggeredPanel.WPFTest\VirtualizingStaggeredPanel.WPFTest.csproj", "{F393FC73-D214-4807-B83D-4415FD981DC3}"
EndProject
Global
	GlobalSection(SolutionConfigurationPlatforms) = preSolution
		Debug|Any CPU = Debug|Any CPU
		Release|Any CPU = Release|Any CPU
	EndGlobalSection
	GlobalSection(ProjectConfigurationPlatforms) = postSolution
		{18CA8962-8223-4C43-A6BE-0851C7E257AA}.Debug|Any CPU.ActiveCfg = Debug|Any CPU
		{18CA8962-8223-4C43-A6BE-0851C7E257AA}.Debug|Any CPU.Build.0 = Debug|Any CPU
		{18CA8962-8223-4C43-A6BE-0851C7E257AA}.Release|Any CPU.ActiveCfg = Release|Any CPU
		{18CA8962-8223-4C43-A6BE-0851C7E257AA}.Release|Any CPU.Build.0 = Release|Any CPU
		{F393FC73-D214-4807-B83D-4415FD981DC3}.Debug|Any CPU.ActiveCfg = Debug|Any CPU
		{F393FC73-D214-4807-B83D-4415FD981DC3}.Debug|Any CPU.Build.0 = Debug|Any CPU
		{F393FC73-D214-4807-B83D-4415FD981DC3}.Release|Any CPU.ActiveCfg = Release|Any CPU
		{F393FC73-D214-4807-B83D-4415FD981DC3}.Release|Any CPU.Build.0 = Release|Any CPU
	EndGlobalSection
	GlobalSection(SolutionProperties) = preSolution
		HideSolutionNode = FALSE
	EndGlobalSection
	GlobalSection(ExtensibilityGlobals) = postSolution
		SolutionGuid = {BEA81422-679D-4160-9EF3-8D267BFA4E67}
	EndGlobalSection
EndGlobal
